
Microsoft Visual Studio Solution File, Format Version 12.00
# Visual Studio Version 16
VisualStudioVersion = 16.0.31205.134
MinimumVisualStudioVersion = 10.0.40219.1
Project("{FAE04EC0-301F-11D3-BF4B-00C04F79EFBC}") = "ServerSock", "ServerSock\ServerSock.csproj", "{F88B61FD-D28A-477C-A9E9-F12BF4E579CF}"
EndProject
Global
	GlobalSection(SolutionConfigurationPlatforms) = preSolution
		Debug|Any CPU = Debug|Any CPU
		Release|Any CPU = Release|Any CPU
	EndGlobalSection
	GlobalSection(ProjectConfigurationPlatforms) = postSolution
		{F88B61FD-D28A-477C-A9E9-F12BF4E579CF}.Debug|Any CPU.ActiveCfg = Debug|Any CPU
		{F88B61FD-D28A-477C-A9E9-F12BF4E579CF}.Debug|Any CPU.Build.0 = Debug|Any CPU
		{F88B61FD-D28A-477C-A9E9-F12BF4E579CF}.Release|Any CPU.ActiveCfg = Release|Any CPU
		{F88B61FD-D28A-477C-A9E9-F12BF4E579CF}.Release|Any CPU.Build.0 = Release|Any CPU
	EndGlobalSection
	GlobalSection(SolutionProperties) = preSolution
		HideSolutionNode = FALSE
	EndGlobalSection
	GlobalSection(ExtensibilityGlobals) = postSolution
		SolutionGuid = {9CA4E0AF-CD1A-4373-88CF-2DE03190DB7D}
	EndGlobalSection
EndGlobal
